{
  "name": "@neptune-software/google-abap-sdk",
  "version": "1.0.0",
  "lockfileVersion": 3,
  "requires": true,
  "packages": {
    "": {
      "name": "@neptune-software/google-abap-sdk",
      "version": "1.0.0",
      "devDependencies": {
        "@abaplint/cli": "^2.113.21"
      }
    },
    "node_modules/@abaplint/cli": {
      "version": "2.113.21",
      "resolved": "https://registry.npmjs.org/@abaplint/cli/-/cli-2.113.21.tgz",
      "integrity": "sha512-s2tj4V2uWlN4jHfGqB5aE5IEidpVtApUnn/7E6kpNzCl9lzu22huA6efuDbArRa6fZafOeBZXKZ0VYQbOQF3uA==",
      "dev": true,
      "bin": {
        "abaplint": "abaplint"
      },
      "engines": {
        "node": ">=12.0.0"
      },
      "funding": {
        "url": "https://github.com/sponsors/larshp"
      }
    }
  }
}
